
Microsoft Visual Studio Solution File, Format Version 12.00
# Visual Studio Version 17
VisualStudioVersion = 17.3.32804.467
MinimumVisualStudioVersion = 10.0.40219.1
Project("{9A19103F-16F7-4668-BE54-9A1E7A4F7556}") = "MorvieReview.API", "MorvieReview.API.csproj", "{AD517FA4-E848-4A37-B08E-0A9E8821FEB2}"
EndProject
Project("{9A19103F-16F7-4668-BE54-9A1E7A4F7556}") = "MorvieReview.Application", "..\MorvieReview.Application\MorvieReview.Application.csproj", "{74C53EBD-B97E-49B7-A841-65CD4AC23D53}"
EndProject
Project("{9A19103F-16F7-4668-BE54-9A1E7A4F7556}") = "MorvieReview.Domain", "..\MorvieReview.Domain\MorvieReview.Domain.csproj", "{111E776B-2473-48B1-8A63-B167D05F7E50}"
EndProject
Project("{9A19103F-16F7-4668-BE54-9A1E7A4F7556}") = "MorvieReview.Infrastructure", "..\MorvieReview.Infrastructure\MorvieReview.Infrastructure.csproj", "{6DF203A1-7B57-4AC4-A81A-7F1FE688F9CF}"
EndProject
Global
	GlobalSection(SolutionConfigurationPlatforms) = preSolution
		Debug|Any CPU = Debug|Any CPU
		Release|Any CPU = Release|Any CPU
	EndGlobalSection
	GlobalSection(ProjectConfigurationPlatforms) = postSolution
		{AD517FA4-E848-4A37-B08E-0A9E8821FEB2}.Debug|Any CPU.ActiveCfg = Debug|Any CPU
		{AD517FA4-E848-4A37-B08E-0A9E8821FEB2}.Debug|Any CPU.Build.0 = Debug|Any CPU
		{AD517FA4-E848-4A37-B08E-0A9E8821FEB2}.Release|Any CPU.ActiveCfg = Release|Any CPU
		{AD517FA4-E848-4A37-B08E-0A9E8821FEB2}.Release|Any CPU.Build.0 = Release|Any CPU
		{74C53EBD-B97E-49B7-A841-65CD4AC23D53}.Debug|Any CPU.ActiveCfg = Debug|Any CPU
		{74C53EBD-B97E-49B7-A841-65CD4AC23D53}.Debug|Any CPU.Build.0 = Debug|Any CPU
		{74C53EBD-B97E-49B7-A841-65CD4AC23D53}.Release|Any CPU.ActiveCfg = Release|Any CPU
		{74C53EBD-B97E-49B7-A841-65CD4AC23D53}.Release|Any CPU.Build.0 = Release|Any CPU
		{111E776B-2473-48B1-8A63-B167D05F7E50}.Debug|Any CPU.ActiveCfg = Debug|Any CPU
		{111E776B-2473-48B1-8A63-B167D05F7E50}.Debug|Any CPU.Build.0 = Debug|Any CPU
		{111E776B-2473-48B1-8A63-B167D05F7E50}.Release|Any CPU.ActiveCfg = Release|Any CPU
		{111E776B-2473-48B1-8A63-B167D05F7E50}.Release|Any CPU.Build.0 = Release|Any CPU
		{6DF203A1-7B57-4AC4-A81A-7F1FE688F9CF}.Debug|Any CPU.ActiveCfg = Debug|Any CPU
		{6DF203A1-7B57-4AC4-A81A-7F1FE688F9CF}.Debug|Any CPU.Build.0 = Debug|Any CPU
		{6DF203A1-7B57-4AC4-A81A-7F1FE688F9CF}.Release|Any CPU.ActiveCfg = Release|Any CPU
		{6DF203A1-7B57-4AC4-A81A-7F1FE688F9CF}.Release|Any CPU.Build.0 = Release|Any CPU
	EndGlobalSection
	GlobalSection(SolutionProperties) = preSolution
		HideSolutionNode = FALSE
	EndGlobalSection
	GlobalSection(ExtensibilityGlobals) = postSolution
		SolutionGuid = {2BED459F-FEDA-4D21-9D11-B27D3349019C}
	EndGlobalSection
EndGlobal
